
Microsoft Visual Studio Solution File, Format Version 12.00
# Visual Studio Version 16
VisualStudioVersion = 16.0.35130.168
MinimumVisualStudioVersion = 10.0.40219.1
Project("{FAE04EC0-301F-11D3-BF4B-00C04F79EFBC}") = "AppForAsus", "AppForAsus.csproj", "{ED85F350-E37C-4852-811E-041E36BD7007}"
EndProject
Global
	GlobalSection(SolutionConfigurationPlatforms) = preSolution
		Debug|Any CPU = Debug|Any CPU
		Release|Any CPU = Release|Any CPU
	EndGlobalSection
	GlobalSection(ProjectConfigurationPlatforms) = postSolution
		{ED85F350-E37C-4852-811E-041E36BD7007}.Debug|Any CPU.ActiveCfg = Debug|Any CPU
		{ED85F350-E37C-4852-811E-041E36BD7007}.Debug|Any CPU.Build.0 = Debug|Any CPU
		{ED85F350-E37C-4852-811E-041E36BD7007}.Release|Any CPU.ActiveCfg = Release|Any CPU
		{ED85F350-E37C-4852-811E-041E36BD7007}.Release|Any CPU.Build.0 = Release|Any CPU
	EndGlobalSection
	GlobalSection(SolutionProperties) = preSolution
		HideSolutionNode = FALSE
	EndGlobalSection
	GlobalSection(ExtensibilityGlobals) = postSolution
		SolutionGuid = {5AD6910E-C43B-4D8F-ADF6-C470FA850B83}
	EndGlobalSection
EndGlobal
